
Microsoft Visual Studio Solution File, Format Version 12.00
# Visual Studio 15
VisualStudioVersion = 15.0.27703.2000
MinimumVisualStudioVersion = 10.0.40219.1
Project("{9A19103F-16F7-4668-BE54-9A1E7A4F7556}") = "WebInvoicer", "WebInvoicer\WebInvoicer.csproj", "{7B77EA89-59F8-4189-AAAD-9CABE0CF130A}"
EndProject
Project("{9A19103F-16F7-4668-BE54-9A1E7A4F7556}") = "InvoiceCommon", "InvoiceCommon\InvoiceCommon.csproj", "{F1059362-2A26-4AD9-9443-133C167A3ADE}"
EndProject
Project("{FAE04EC0-301F-11D3-BF4B-00C04F79EFBC}") = "InvoiceConsole", "InvoiceConsole\InvoiceConsole.csproj", "{75505194-2DC8-4A96-AA12-8EFA5FFCA519}"
EndProject
Global
	GlobalSection(SolutionConfigurationPlatforms) = preSolution
		Debug|Any CPU = Debug|Any CPU
		Release|Any CPU = Release|Any CPU
	EndGlobalSection
	GlobalSection(ProjectConfigurationPlatforms) = postSolution
		{7B77EA89-59F8-4189-AAAD-9CABE0CF130A}.Debug|Any CPU.ActiveCfg = Debug|Any CPU
		{7B77EA89-59F8-4189-AAAD-9CABE0CF130A}.Debug|Any CPU.Build.0 = Debug|Any CPU
		{7B77EA89-59F8-4189-AAAD-9CABE0CF130A}.Release|Any CPU.ActiveCfg = Release|Any CPU
		{7B77EA89-59F8-4189-AAAD-9CABE0CF130A}.Release|Any CPU.Build.0 = Release|Any CPU
		{F1059362-2A26-4AD9-9443-133C167A3ADE}.Debug|Any CPU.ActiveCfg = Debug|Any CPU
		{F1059362-2A26-4AD9-9443-133C167A3ADE}.Debug|Any CPU.Build.0 = Debug|Any CPU
		{F1059362-2A26-4AD9-9443-133C167A3ADE}.Release|Any CPU.ActiveCfg = Release|Any CPU
		{F1059362-2A26-4AD9-9443-133C167A3ADE}.Release|Any CPU.Build.0 = Release|Any CPU
		{75505194-2DC8-4A96-AA12-8EFA5FFCA519}.Debug|Any CPU.ActiveCfg = Debug|Any CPU
		{75505194-2DC8-4A96-AA12-8EFA5FFCA519}.Debug|Any CPU.Build.0 = Debug|Any CPU
		{75505194-2DC8-4A96-AA12-8EFA5FFCA519}.Release|Any CPU.ActiveCfg = Release|Any CPU
		{75505194-2DC8-4A96-AA12-8EFA5FFCA519}.Release|Any CPU.Build.0 = Release|Any CPU
	EndGlobalSection
	GlobalSection(SolutionProperties) = preSolution
		HideSolutionNode = FALSE
	EndGlobalSection
	GlobalSection(ExtensibilityGlobals) = postSolution
		SolutionGuid = {6E49DFF3-49EF-4609-8723-39DFA407B18A}
	EndGlobalSection
EndGlobal
